
Microsoft Visual Studio Solution File, Format Version 12.00
# Visual Studio 15
VisualStudioVersion = 15.0.28307.1972
MinimumVisualStudioVersion = 10.0.40219.1
Project("{FAE04EC0-301F-11D3-BF4B-00C04F79EFBC}") = "Maze Game", "Maze Game\Maze Game.csproj", "{80167474-0364-4D7C-9345-3E793DA990EC}"
EndProject
Global
	GlobalSection(SolutionConfigurationPlatforms) = preSolution
		Debug|Any CPU = Debug|Any CPU
		Release|Any CPU = Release|Any CPU
	EndGlobalSection
	GlobalSection(ProjectConfigurationPlatforms) = postSolution
		{80167474-0364-4D7C-9345-3E793DA990EC}.Debug|Any CPU.ActiveCfg = Debug|Any CPU
		{80167474-0364-4D7C-9345-3E793DA990EC}.Debug|Any CPU.Build.0 = Debug|Any CPU
		{80167474-0364-4D7C-9345-3E793DA990EC}.Release|Any CPU.ActiveCfg = Release|Any CPU
		{80167474-0364-4D7C-9345-3E793DA990EC}.Release|Any CPU.Build.0 = Release|Any CPU
	EndGlobalSection
	GlobalSection(SolutionProperties) = preSolution
		HideSolutionNode = FALSE
	EndGlobalSection
	GlobalSection(ExtensibilityGlobals) = postSolution
		SolutionGuid = {86E9A8BE-4E71-49CD-B6A4-DBAEF7927BAD}
	EndGlobalSection
EndGlobal
